{
  "name": "_gitbook-source",
  "lockfileVersion": 2,
  "requires": true,
  "packages": {
    "": {
      "dependencies": {
        "gitbook-plugin-icp": "^0.1.2"
      }
    },
    "node_modules/gitbook-plugin-icp": {
      "version": "0.1.2",
      "resolved": "https://registry.nlark.com/gitbook-plugin-icp/download/gitbook-plugin-icp-0.1.2.tgz",
      "integrity": "sha1-WAsYCrM/FLQlICPGbk11/Xvoe6E=",
      "engines": {
        "gitbook": ">=2.5.0"
      }
    }
  },
  "dependencies": {
    "gitbook-plugin-icp": {
      "version": "0.1.2",
      "resolved": "https://registry.nlark.com/gitbook-plugin-icp/download/gitbook-plugin-icp-0.1.2.tgz",
      "integrity": "sha1-WAsYCrM/FLQlICPGbk11/Xvoe6E="
    }
  }
}
